// !$*UTF8*$!
{
	archiveVersion = 1;
	classes = {
	};
	objectVersion = 55;
	objects = {

/* Begin PBXBuildFile section */
		C10E1D84286F058100C69F51 /* StoresTableViewCell.swift in Sources */ = {isa = PBXBuildFile; fileRef = C10E1D82286F058100C69F51 /* StoresTableViewCell.swift */; };
		C10E1D85286F058100C69F51 /* StoresTableViewCell.xib in Resources */ = {isa = PBXBuildFile; fileRef = C10E1D83286F058100C69F51 /* StoresTableViewCell.xib */; };
		C10E1D87286F12DA00C69F51 /* StoreViewController.swift in Sources */ = {isa = PBXBuildFile; fileRef = C10E1D86286F12DA00C69F51 /* StoreViewController.swift */; };
		C132ED452869BA6400E07CE6 /* AppDelegate.swift in Sources */ = {isa = PBXBuildFile; fileRef = C132ED442869BA6400E07CE6 /* AppDelegate.swift */; };
		C132ED472869BA6400E07CE6 /* SceneDelegate.swift in Sources */ = {isa = PBXBuildFile; fileRef = C132ED462869BA6400E07CE6 /* SceneDelegate.swift */; };
		C132ED492869BA6400E07CE6 /* ViewController.swift in Sources */ = {isa = PBXBuildFile; fileRef = C132ED482869BA6400E07CE6 /* ViewController.swift */; };
		C132ED4C2869BA6400E07CE6 /* Main.storyboard in Resources */ = {isa = PBXBuildFile; fileRef = C132ED4A2869BA6400E07CE6 /* Main.storyboard */; };
		C132ED4E2869BA6500E07CE6 /* Assets.xcassets in Resources */ = {isa = PBXBuildFile; fileRef = C132ED4D2869BA6500E07CE6 /* Assets.xcassets */; };
		C132ED512869BA6500E07CE6 /* LaunchScreen.storyboard in Resources */ = {isa = PBXBuildFile; fileRef = C132ED4F2869BA6500E07CE6 /* LaunchScreen.storyboard */; };
		C132ED592869CAE100E07CE6 /* GoogleService-Info.plist in Resources */ = {isa = PBXBuildFile; fileRef = C132ED582869CAE100E07CE6 /* GoogleService-Info.plist */; };
		C1AB5B752869F1F5002949D5 /* Utilities.swift in Sources */ = {isa = PBXBuildFile; fileRef = C1AB5B742869F1F5002949D5 /* Utilities.swift */; };
		C1AB5B78286A04A7002949D5 /* Constants.swift in Sources */ = {isa = PBXBuildFile; fileRef = C1AB5B77286A04A7002949D5 /* Constants.swift */; };
		C1C285D72869D7E20086F1DA /* SignUpViewController.swift in Sources */ = {isa = PBXBuildFile; fileRef = C1C285D62869D7E20086F1DA /* SignUpViewController.swift */; };
		C1C285D92869D7FB0086F1DA /* LoginViewController.swift in Sources */ = {isa = PBXBuildFile; fileRef = C1C285D82869D7FB0086F1DA /* LoginViewController.swift */; };
		C1C285DB2869D81F0086F1DA /* HomePageViewController.swift in Sources */ = {isa = PBXBuildFile; fileRef = C1C285DA2869D81F0086F1DA /* HomePageViewController.swift */; };
		C1C55E34287041A400A9E03E /* ItemsData.swift in Sources */ = {isa = PBXBuildFile; fileRef = C1C55E33287041A400A9E03E /* ItemsData.swift */; };
		C1FD3F3A286B1DEF0061DA52 /* SearchViewController.swift in Sources */ = {isa = PBXBuildFile; fileRef = C1FD3F39286B1DEF0061DA52 /* SearchViewController.swift */; };
		C1FD3F3C286B1E000061DA52 /* AllStoresViewController.swift in Sources */ = {isa = PBXBuildFile; fileRef = C1FD3F3B286B1E000061DA52 /* AllStoresViewController.swift */; };
		F8007E51CACC969707198DF6 /* Pods_iteMe.framework in Frameworks */ = {isa = PBXBuildFile; fileRef = D33AC945F6AED2B6A72CEEC5 /* Pods_iteMe.framework */; };
/* End PBXBuildFile section */

/* Begin PBXFileReference section */
		75E2FC576F9402A28DD8A930 /* Pods-iteMe.release.xcconfig */ = {isa = PBXFileReference; includeInIndex = 1; lastKnownFileType = text.xcconfig; name = "Pods-iteMe.release.xcconfig"; path = "Target Support Files/Pods-iteMe/Pods-iteMe.release.xcconfig"; sourceTree = "<group>"; };
		C10E1D82286F058100C69F51 /* StoresTableViewCell.swift */ = {isa = PBXFileReference; lastKnownFileType = sourcecode.swift; path = StoresTableViewCell.swift; sourceTree = "<group>"; };
		C10E1D83286F058100C69F51 /* StoresTableViewCell.xib */ = {isa = PBXFileReference; lastKnownFileType = file.xib; path = StoresTableViewCell.xib; sourceTree = "<group>"; };
		C10E1D86286F12DA00C69F51 /* StoreViewController.swift */ = {isa = PBXFileReference; lastKnownFileType = sourcecode.swift; path = StoreViewController.swift; sourceTree = "<group>"; };
		C132ED412869BA6400E07CE6 /* iteMe.app */ = {isa = PBXFileReference; explicitFileType = wrapper.application; includeInIndex = 0; path = iteMe.app; sourceTree = BUILT_PRODUCTS_DIR; };
		C132ED442869BA6400E07CE6 /* AppDelegate.swift */ = {isa = PBXFileReference; lastKnownFileType = sourcecode.swift; path = AppDelegate.swift; sourceTree = "<group>"; };
		C132ED462869BA6400E07CE6 /* SceneDelegate.swift */ = {isa = PBXFileReference; lastKnownFileType = sourcecode.swift; path = SceneDelegate.swift; sourceTree = "<group>"; };
		C132ED482869BA6400E07CE6 /* ViewController.swift */ = {isa = PBXFileReference; lastKnownFileType = sourcecode.swift; path = ViewController.swift; sourceTree = "<group>"; };
		C132ED4B2869BA6400E07CE6 /* Base */ = {isa = PBXFileReference; lastKnownFileType = file.storyboard; name = Base; path = Base.lproj/Main.storyboard; sourceTree = "<group>"; };
		C132ED4D2869BA6500E07CE6 /* Assets.xcassets */ = {isa = PBXFileReference; lastKnownFileType = folder.assetcatalog; path = Assets.xcassets; sourceTree = "<group>"; };
		C132ED502869BA6500E07CE6 /* Base */ = {isa = PBXFileReference; lastKnownFileType = file.storyboard; name = Base; path = Base.lproj/LaunchScreen.storyboard; sourceTree = "<group>"; };
		C132ED522869BA6500E07CE6 /* Info.plist */ = {isa = PBXFileReference; lastKnownFileType = text.plist.xml; path = Info.plist; sourceTree = "<group>"; };
		C132ED582869CAE100E07CE6 /* GoogleService-Info.plist */ = {isa = PBXFileReference; fileEncoding = 4; lastKnownFileType = text.plist.xml; name = "GoogleService-Info.plist"; path = "../../../Downloads/GoogleService-Info.plist"; sourceTree = "<group>"; };
		C1AB5B742869F1F5002949D5 /* Utilities.swift */ = {isa = PBXFileReference; fileEncoding = 4; lastKnownFileType = sourcecode.swift; path = Utilities.swift; sourceTree = "<group>"; };
		C1AB5B77286A04A7002949D5 /* Constants.swift */ = {isa = PBXFileReference; lastKnownFileType = sourcecode.swift; path = Constants.swift; sourceTree = "<group>"; };
		C1C285D62869D7E20086F1DA /* SignUpViewController.swift */ = {isa = PBXFileReference; lastKnownFileType = sourcecode.swift; path = SignUpViewController.swift; sourceTree = "<group>"; };
		C1C285D82869D7FB0086F1DA /* LoginViewController.swift */ = {isa = PBXFileReference; lastKnownFileType = sourcecode.swift; path = LoginViewController.swift; sourceTree = "<group>"; };
		C1C285DA2869D81F0086F1DA /* HomePageViewController.swift */ = {isa = PBXFileReference; lastKnownFileType = sourcecode.swift; path = HomePageViewController.swift; sourceTree = "<group>"; };
		C1C55E33287041A400A9E03E /* ItemsData.swift */ = {isa = PBXFileReference; lastKnownFileType = sourcecode.swift; path = ItemsData.swift; sourceTree = "<group>"; };
		C1FD3F39286B1DEF0061DA52 /* SearchViewController.swift */ = {isa = PBXFileReference; lastKnownFileType = sourcecode.swift; path = SearchViewController.swift; sourceTree = "<group>"; };
		C1FD3F3B286B1E000061DA52 /* AllStoresViewController.swift */ = {isa = PBXFileReference; lastKnownFileType = sourcecode.swift; path = AllStoresViewController.swift; sourceTree = "<group>"; };
		D33AC945F6AED2B6A72CEEC5 /* Pods_iteMe.framework */ = {isa = PBXFileReference; explicitFileType = wrapper.framework; includeInIndex = 0; path = Pods_iteMe.framework; sourceTree = BUILT_PRODUCTS_DIR; };
		D45990D13597E36A42E59591 /* Pods-iteMe.debug.xcconfig */ = {isa = PBXFileReference; includeInIndex = 1; lastKnownFileType = text.xcconfig; name = "Pods-iteMe.debug.xcconfig"; path = "Target Support Files/Pods-iteMe/Pods-iteMe.debug.xcconfig"; sourceTree = "<group>"; };
/* End PBXFileReference section */

/* Begin PBXFrameworksBuildPhase section */
		C132ED3E2869BA6400E07CE6 /* Frameworks */ = {
			isa = PBXFrameworksBuildPhase;
			buildActionMask = 2147483647;
			files = (
				F8007E51CACC969707198DF6 /* Pods_iteMe.framework in Frameworks */,
			);
			runOnlyForDeploymentPostprocessing = 0;
		};
/* End PBXFrameworksBuildPhase section */

/* Begin PBXGroup section */
		1AB3AF36F1AA5FDF9936BFF9 /* Pods */ = {
			isa = PBXGroup;
			children = (
				D45990D13597E36A42E59591 /* Pods-iteMe.debug.xcconfig */,
				75E2FC576F9402A28DD8A930 /* Pods-iteMe.release.xcconfig */,
			);
			path = Pods;
			sourceTree = "<group>";
		};
		C132ED382869BA6400E07CE6 = {
			isa = PBXGroup;
			children = (
				C132ED432869BA6400E07CE6 /* iteMe */,
				C132ED422869BA6400E07CE6 /* Products */,
				1AB3AF36F1AA5FDF9936BFF9 /* Pods */,
				E856BFCC68C87FC676E22950 /* Frameworks */,
			);
			sourceTree = "<group>";
		};
		C132ED422869BA6400E07CE6 /* Products */ = {
			isa = PBXGroup;
			children = (
				C132ED412869BA6400E07CE6 /* iteMe.app */,
			);
			name = Products;
			sourceTree = "<group>";
		};
		C132ED432869BA6400E07CE6 /* iteMe */ = {
			isa = PBXGroup;
			children = (
				C132ED442869BA6400E07CE6 /* AppDelegate.swift */,
				C132ED462869BA6400E07CE6 /* SceneDelegate.swift */,
				C132ED482869BA6400E07CE6 /* ViewController.swift */,
				C1AB5B762869F206002949D5 /* Helpers */,
				C1C285DC2869D8390086F1DA /* ViewControllers */,
				C132ED4A2869BA6400E07CE6 /* Main.storyboard */,
				C132ED4D2869BA6500E07CE6 /* Assets.xcassets */,
				C132ED4F2869BA6500E07CE6 /* LaunchScreen.storyboard */,
				C132ED522869BA6500E07CE6 /* Info.plist */,
				C132ED582869CAE100E07CE6 /* GoogleService-Info.plist */,
			);
			path = iteMe;
			sourceTree = "<group>";
		};
		C1AB5B762869F206002949D5 /* Helpers */ = {
			isa = PBXGroup;
			children = (
				C1AB5B742869F1F5002949D5 /* Utilities.swift */,
				C1AB5B77286A04A7002949D5 /* Constants.swift */,
				C10E1D82286F058100C69F51 /* StoresTableViewCell.swift */,
				C10E1D83286F058100C69F51 /* StoresTableViewCell.xib */,
				C1C55E33287041A400A9E03E /* ItemsData.swift */,
			);
			path = Helpers;
			sourceTree = "<group>";
		};
		C1C285DC2869D8390086F1DA /* ViewControllers */ = {
			isa = PBXGroup;
			children = (
				C1C285D62869D7E20086F1DA /* SignUpViewController.swift */,
				C1C285D82869D7FB0086F1DA /* LoginViewController.swift */,
				C1C285DA2869D81F0086F1DA /* HomePageViewController.swift */,
				C1FD3F39286B1DEF0061DA52 /* SearchViewController.swift */,
				C1FD3F3B286B1E000061DA52 /* AllStoresViewController.swift */,
				C10E1D86286F12DA00C69F51 /* StoreViewController.swift */,
			);
			path = ViewControllers;
			sourceTree = "<group>";
		};
		E856BFCC68C87FC676E22950 /* Frameworks */ = {
			isa = PBXGroup;
			children = (
				D33AC945F6AED2B6A72CEEC5 /* Pods_iteMe.framework */,
			);
			name = Frameworks;
			sourceTree = "<group>";
		};
/* End PBXGroup section */

/* Begin PBXNativeTarget section */
		C132ED402869BA6400E07CE6 /* iteMe */ = {
			isa = PBXNativeTarget;
			buildConfigurationList = C132ED552869BA6500E07CE6 /* Build configuration list for PBXNativeTarget "iteMe" */;
			buildPhases = (
				F4844F8FDF43D893161142B1 /* [CP] Check Pods Manifest.lock */,
				C132ED3D2869BA6400E07CE6 /* Sources */,
				C132ED3E2869BA6400E07CE6 /* Frameworks */,
				C132ED3F2869BA6400E07CE6 /* Resources */,
				2116625C36BAA75F90336450 /* [CP] Embed Pods Frameworks */,
			);
			buildRules = (
			);
			dependencies = (
			);
			name = iteMe;
			productName = iteMe;
			productReference = C132ED412869BA6400E07CE6 /* iteMe.app */;
			productType = "com.apple.product-type.application";
		};
/* End PBXNativeTarget section */

/* Begin PBXProject section */
		C132ED392869BA6400E07CE6 /* Project object */ = {
			isa = PBXProject;
			attributes = {
				BuildIndependentTargetsInParallel = 1;
				LastSwiftUpdateCheck = 1340;
				LastUpgradeCheck = 1340;
				TargetAttributes = {
					C132ED402869BA6400E07CE6 = {
						CreatedOnToolsVersion = 13.4.1;
					};
				};
			};
			buildConfigurationList = C132ED3C2869BA6400E07CE6 /* Build configuration list for PBXProject "iteMe" */;
			compatibilityVersion = "Xcode 13.0";
			developmentRegion = en;
			hasScannedForEncodings = 0;
			knownRegions = (
				en,
				Base,
			);
			mainGroup = C132ED382869BA6400E07CE6;
			productRefGroup = C132ED422869BA6400E07CE6 /* Products */;
			projectDirPath = "";
			projectRoot = "";
			targets = (
				C132ED402869BA6400E07CE6 /* iteMe */,
			);
		};
/* End PBXProject section */

/* Begin PBXResourcesBuildPhase section */
		C132ED3F2869BA6400E07CE6 /* Resources */ = {
			isa = PBXResourcesBuildPhase;
			buildActionMask = 2147483647;
			files = (
				C132ED512869BA6500E07CE6 /* LaunchScreen.storyboard in Resources */,
				C10E1D85286F058100C69F51 /* StoresTableViewCell.xib in Resources */,
				C132ED592869CAE100E07CE6 /* GoogleService-Info.plist in Resources */,
				C132ED4E2869BA6500E07CE6 /* Assets.xcassets in Resources */,
				C132ED4C2869BA6400E07CE6 /* Main.storyboard in Resources */,
			);
			runOnlyForDeploymentPostprocessing = 0;
		};
/* End PBXResourcesBuildPhase section */

/* Begin PBXShellScriptBuildPhase section */
		2116625C36BAA75F90336450 /* [CP] Embed Pods Frameworks */ = {
			isa = PBXShellScriptBuildPhase;
			buildActionMask = 2147483647;
			files = (
			);
			inputFileListPaths = (
				"${PODS_ROOT}/Target Support Files/Pods-iteMe/Pods-iteMe-frameworks-${CONFIGURATION}-input-files.xcfilelist",
			);
			name = "[CP] Embed Pods Frameworks";
			outputFileListPaths = (
				"${PODS_ROOT}/Target Support Files/Pods-iteMe/Pods-iteMe-frameworks-${CONFIGURATION}-output-files.xcfilelist",
			);
			runOnlyForDeploymentPostprocessing = 0;
			shellPath = /bin/sh;
			shellScript = "\"${PODS_ROOT}/Target Support Files/Pods-iteMe/Pods-iteMe-frameworks.sh\"\n";
			showEnvVarsInLog = 0;
		};
		F4844F8FDF43D893161142B1 /* [CP] Check Pods Manifest.lock */ = {
			isa = PBXShellScriptBuildPhase;
			buildActionMask = 2147483647;
			files = (
			);
			inputFileListPaths = (
			);
			inputPaths = (
				"${PODS_PODFILE_DIR_PATH}/Podfile.lock",
				"${PODS_ROOT}/Manifest.lock",
			);
			name = "[CP] Check Pods Manifest.lock";
			outputFileListPaths = (
			);
			outputPaths = (
				"$(DERIVED_FILE_DIR)/Pods-iteMe-checkManifestLockResult.txt",
			);
			runOnlyForDeploymentPostprocessing = 0;
			shellPath = /bin/sh;
			shellScript = "diff \"${PODS_PODFILE_DIR_PATH}/Podfile.lock\" \"${PODS_ROOT}/Manifest.lock\" > /dev/null\nif [ $? != 0 ] ; then\n    # print error to STDERR\n    echo \"error: The sandbox is not in sync with the Podfile.lock. Run 'pod install' or update your CocoaPods installation.\" >&2\n    exit 1\nfi\n# This output is used by Xcode 'outputs' to avoid re-running this script phase.\necho \"SUCCESS\" > \"${SCRIPT_OUTPUT_FILE_0}\"\n";
			showEnvVarsInLog = 0;
		};
/* End PBXShellScriptBuildPhase section */

/* Begin PBXSourcesBuildPhase section */
		C132ED3D2869BA6400E07CE6 /* Sources */ = {
			isa = PBXSourcesBuildPhase;
			buildActionMask = 2147483647;
			files = (
				C10E1D84286F058100C69F51 /* StoresTableViewCell.swift in Sources */,
				C1FD3F3C286B1E000061DA52 /* AllStoresViewController.swift in Sources */,
				C132ED492869BA6400E07CE6 /* ViewController.swift in Sources */,
				C132ED452869BA6400E07CE6 /* AppDelegate.swift in Sources */,
				C1C55E34287041A400A9E03E /* ItemsData.swift in Sources */,
				C1AB5B752869F1F5002949D5 /* Utilities.swift in Sources */,
				C1FD3F3A286B1DEF0061DA52 /* SearchViewController.swift in Sources */,
				C1C285DB2869D81F0086F1DA /* HomePageViewController.swift in Sources */,
				C1C285D72869D7E20086F1DA /* SignUpViewController.swift in Sources */,
				C10E1D87286F12DA00C69F51 /* StoreViewController.swift in Sources */,
				C1C285D92869D7FB0086F1DA /* LoginViewController.swift in Sources */,
				C132ED472869BA6400E07CE6 /* SceneDelegate.swift in Sources */,
				C1AB5B78286A04A7002949D5 /* Constants.swift in Sources */,
			);
			runOnlyForDeploymentPostprocessing = 0;
		};
/* End PBXSourcesBuildPhase section */

/* Begin PBXVariantGroup section */
		C132ED4A2869BA6400E07CE6 /* Main.storyboard */ = {
			isa = PBXVariantGroup;
			children = (
				C132ED4B2869BA6400E07CE6 /* Base */,
			);
			name = Main.storyboard;
			sourceTree = "<group>";
		};
		C132ED4F2869BA6500E07CE6 /* LaunchScreen.storyboard */ = {
			isa = PBXVariantGroup;
			children = (
				C132ED502869BA6500E07CE6 /* Base */,
			);
			name = LaunchScreen.storyboard;
			sourceTree = "<group>";
		};
/* End PBXVariantGroup section */

/* Begin XCBuildConfiguration section */
		C132ED532869BA6500E07CE6 /* Debug */ = {
			isa = XCBuildConfiguration;
			buildSettings = {
				ALWAYS_SEARCH_USER_PATHS = NO;
				CLANG_ANALYZER_NONNULL = YES;
				CLANG_ANALYZER_NUMBER_OBJECT_CONVERSION = YES_AGGRESSIVE;
				CLANG_CXX_LANGUAGE_STANDARD = "gnu++17";
				CLANG_ENABLE_MODULES = YES;
				CLANG_ENABLE_OBJC_ARC = YES;
				CLANG_ENABLE_OBJC_WEAK = YES;
				CLANG_WARN_BLOCK_CAPTURE_AUTORELEASING = YES;
				CLANG_WARN_BOOL_CONVERSION = YES;
				CLANG_WARN_COMMA = YES;
				CLANG_WARN_CONSTANT_CONVERSION = YES;
				CLANG_WARN_DEPRECATED_OBJC_IMPLEMENTATIONS = YES;
				CLANG_WARN_DIRECT_OBJC_ISA_USAGE = YES_ERROR;
				CLANG_WARN_DOCUMENTATION_COMMENTS = YES;
				CLANG_WARN_EMPTY_BODY = YES;
				CLANG_WARN_ENUM_CONVERSION = YES;
				CLANG_WARN_INFINITE_RECURSION = YES;
				CLANG_WARN_INT_CONVERSION = YES;
				CLANG_WARN_NON_LITERAL_NULL_CONVERSION = YES;
				CLANG_WARN_OBJC_IMPLICIT_RETAIN_SELF = YES;
				CLANG_WARN_OBJC_LITERAL_CONVERSION = YES;
				CLANG_WARN_OBJC_ROOT_CLASS = YES_ERROR;
				CLANG_WARN_QUOTED_INCLUDE_IN_FRAMEWORK_HEADER = YES;
				CLANG_WARN_RANGE_LOOP_ANALYSIS = YES;
				CLANG_WARN_STRICT_PROTOTYPES = YES;
				CLANG_WARN_SUSPICIOUS_MOVE = YES;
				CLANG_WARN_UNGUARDED_AVAILABILITY = YES_AGGRESSIVE;
				CLANG_WARN_UNREACHABLE_CODE = YES;
				CLANG_WARN__DUPLICATE_METHOD_MATCH = YES;
				COPY_PHASE_STRIP = NO;
				DEBUG_INFORMATION_FORMAT = dwarf;
				ENABLE_STRICT_OBJC_MSGSEND = YES;
				ENABLE_TESTABILITY = YES;
				GCC_C_LANGUAGE_STANDARD = gnu11;
				GCC_DYNAMIC_NO_PIC = NO;
				GCC_NO_COMMON_BLOCKS = YES;
				GCC_OPTIMIZATION_LEVEL = 0;
				GCC_PREPROCESSOR_DEFINITIONS = (
					"DEBUG=1",
					"$(inherited)",
				);
				GCC_WARN_64_TO_32_BIT_CONVERSION = YES;
				GCC_WARN_ABOUT_RETURN_TYPE = YES_ERROR;
				GCC_WARN_UNDECLARED_SELECTOR = YES;
				GCC_WARN_UNINITIALIZED_AUTOS = YES_AGGRESSIVE;
				GCC_WARN_UNUSED_FUNCTION = YES;
				GCC_WARN_UNUSED_VARIABLE = YES;
				IPHONEOS_DEPLOYMENT_TARGET = 15.5;
				MTL_ENABLE_DEBUG_INFO = INCLUDE_SOURCE;
				MTL_FAST_MATH = YES;
				ONLY_ACTIVE_ARCH = YES;
				SDKROOT = iphoneos;
				SWIFT_ACTIVE_COMPILATION_CONDITIONS = DEBUG;
				SWIFT_OPTIMIZATION_LEVEL = "-Onone";
			};
			name = Debug;
		};
		C132ED542869BA6500E07CE6 /* Release */ = {
			isa = XCBuildConfiguration;
			buildSettings = {
				ALWAYS_SEARCH_USER_PATHS = NO;
				CLANG_ANALYZER_NONNULL = YES;
				CLANG_ANALYZER_NUMBER_OBJECT_CONVERSION = YES_AGGRESSIVE;
				CLANG_CXX_LANGUAGE_STANDARD = "gnu++17";
				CLANG_ENABLE_MODULES = YES;
				CLANG_ENABLE_OBJC_ARC = YES;
				CLANG_ENABLE_OBJC_WEAK = YES;
				CLANG_WARN_BLOCK_CAPTURE_AUTORELEASING = YES;
				CLANG_WARN_BOOL_CONVERSION = YES;
				CLANG_WARN_COMMA = YES;
				CLANG_WARN_CONSTANT_CONVERSION = YES;
				CLANG_WARN_DEPRECATED_OBJC_IMPLEMENTATIONS = YES;
				CLANG_WARN_DIRECT_OBJC_ISA_USAGE = YES_ERROR;
				CLANG_WARN_DOCUMENTATION_COMMENTS = YES;
				CLANG_WARN_EMPTY_BODY = YES;
				CLANG_WARN_ENUM_CONVERSION = YES;
				CLANG_WARN_INFINITE_RECURSION = YES;
				CLANG_WARN_INT_CONVERSION = YES;
				CLANG_WARN_NON_LITERAL_NULL_CONVERSION = YES;
				CLANG_WARN_OBJC_IMPLICIT_RETAIN_SELF = YES;
				CLANG_WARN_OBJC_LITERAL_CONVERSION = YES;
				CLANG_WARN_OBJC_ROOT_CLASS = YES_ERROR;
				CLANG_WARN_QUOTED_INCLUDE_IN_FRAMEWORK_HEADER = YES;
				CLANG_WARN_RANGE_LOOP_ANALYSIS = YES;
				CLANG_WARN_STRICT_PROTOTYPES = YES;
				CLANG_WARN_SUSPICIOUS_MOVE = YES;
				CLANG_WARN_UNGUARDED_AVAILABILITY = YES_AGGRESSIVE;
				CLANG_WARN_UNREACHABLE_CODE = YES;
				CLANG_WARN__DUPLICATE_METHOD_MATCH = YES;
				COPY_PHASE_STRIP = NO;
				DEBUG_INFORMATION_FORMAT = "dwarf-with-dsym";
				ENABLE_NS_ASSERTIONS = NO;
				ENABLE_STRICT_OBJC_MSGSEND = YES;
				GCC_C_LANGUAGE_STANDARD = gnu11;
				GCC_NO_COMMON_BLOCKS = YES;
				GCC_WARN_64_TO_32_BIT_CONVERSION = YES;
				GCC_WARN_ABOUT_RETURN_TYPE = YES_ERROR;
				GCC_WARN_UNDECLARED_SELECTOR = YES;
				GCC_WARN_UNINITIALIZED_AUTOS = YES_AGGRESSIVE;
				GCC_WARN_UNUSED_FUNCTION = YES;
				GCC_WARN_UNUSED_VARIABLE = YES;
				IPHONEOS_DEPLOYMENT_TARGET = 15.5;
				MTL_ENABLE_DEBUG_INFO = NO;
				MTL_FAST_MATH = YES;
				SDKROOT = iphoneos;
				SWIFT_COMPILATION_MODE = wholemodule;
				SWIFT_OPTIMIZATION_LEVEL = "-O";
				VALIDATE_PRODUCT = YES;
			};
			name = Release;
		};
		C132ED562869BA6500E07CE6 /* Debug */ = {
			isa = XCBuildConfiguration;
			baseConfigurationReference = D45990D13597E36A42E59591 /* Pods-iteMe.debug.xcconfig */;
			buildSettings = {
				ASSETCATALOG_COMPILER_APPICON_NAME = AppIcon;
				ASSETCATALOG_COMPILER_GLOBAL_ACCENT_COLOR_NAME = AccentColor;
				CODE_SIGN_STYLE = Automatic;
				CURRENT_PROJECT_VERSION = 1;
				GENERATE_INFOPLIST_FILE = YES;
				INFOPLIST_FILE = iteMe/Info.plist;
				INFOPLIST_KEY_UIApplicationSupportsIndirectInputEvents = YES;
				INFOPLIST_KEY_UILaunchStoryboardName = LaunchScreen;
				INFOPLIST_KEY_UIMainStoryboardFile = Main;
				INFOPLIST_KEY_UISupportedInterfaceOrientations_iPad = "UIInterfaceOrientationPortrait UIInterfaceOrientationPortraitUpsideDown UIInterfaceOrientationLandscapeLeft UIInterfaceOrientationLandscapeRight";
				INFOPLIST_KEY_UISupportedInterfaceOrientations_iPhone = "UIInterfaceOrientationPortrait UIInterfaceOrientationLandscapeLeft UIInterfaceOrientationLandscapeRight";
				IPHONEOS_DEPLOYMENT_TARGET = 13.0;
				LD_RUNPATH_SEARCH_PATHS = (
					"$(inherited)",
					"@executable_path/Frameworks",
				);
				MARKETING_VERSION = 1.0;
				PRODUCT_BUNDLE_IDENTIFIER = com.tomerk.iteMe;
				PRODUCT_NAME = "$(TARGET_NAME)";
				SWIFT_EMIT_LOC_STRINGS = YES;
				SWIFT_VERSION = 5.0;
				TARGETED_DEVICE_FAMILY = 1;
			};
			name = Debug;
		};
		C132ED572869BA6500E07CE6 /* Release */ = {
			isa = XCBuildConfiguration;
			baseConfigurationReference = 75E2FC576F9402A28DD8A930 /* Pods-iteMe.release.xcconfig */;
			buildSettings = {
				ASSETCATALOG_COMPILER_APPICON_NAME = AppIcon;
				ASSETCATALOG_COMPILER_GLOBAL_ACCENT_COLOR_NAME = AccentColor;
				CODE_SIGN_STYLE = Automatic;
				CURRENT_PROJECT_VERSION = 1;
				GENERATE_INFOPLIST_FILE = YES;
				INFOPLIST_FILE = iteMe/Info.plist;
				INFOPLIST_KEY_UIApplicationSupportsIndirectInputEvents = YES;
				INFOPLIST_KEY_UILaunchStoryboardName = LaunchScreen;
				INFOPLIST_KEY_UIMainStoryboardFile = Main;
				INFOPLIST_KEY_UISupportedInterfaceOrientations_iPad = "UIInterfaceOrientationPortrait UIInterfaceOrientationPortraitUpsideDown UIInterfaceOrientationLandscapeLeft UIInterfaceOrientationLandscapeRight";
				INFOPLIST_KEY_UISupportedInterfaceOrientations_iPhone = "UIInterfaceOrientationPortrait UIInterfaceOrientationLandscapeLeft UIInterfaceOrientationLandscapeRight";
				IPHONEOS_DEPLOYMENT_TARGET = 13.0;
				LD_RUNPATH_SEARCH_PATHS = (
					"$(inherited)",
					"@executable_path/Frameworks",
				);
				MARKETING_VERSION = 1.0;
				PRODUCT_BUNDLE_IDENTIFIER = com.tomerk.iteMe;
				PRODUCT_NAME = "$(TARGET_NAME)";
				SWIFT_EMIT_LOC_STRINGS = YES;
				SWIFT_VERSION = 5.0;
				TARGETED_DEVICE_FAMILY = 1;
			};
			name = Release;
		};
/* End XCBuildConfiguration section */

/* Begin XCConfigurationList section */
		C132ED3C2869BA6400E07CE6 /* Build configuration list for PBXProject "iteMe" */ = {
			isa = XCConfigurationList;
			buildConfigurations = (
				C132ED532869BA6500E07CE6 /* Debug */,
				C132ED542869BA6500E07CE6 /* Release */,
			);
			defaultConfigurationIsVisible = 0;
			defaultConfigurationName = Release;
		};
		C132ED552869BA6500E07CE6 /* Build configuration list for PBXNativeTarget "iteMe" */ = {
			isa = XCConfigurationList;
			buildConfigurations = (
				C132ED562869BA6500E07CE6 /* Debug */,
				C132ED572869BA6500E07CE6 /* Release */,
			);
			defaultConfigurationIsVisible = 0;
			defaultConfigurationName = Release;
		};
/* End XCConfigurationList section */
	};
	rootObject = C132ED392869BA6400E07CE6 /* Project object */;
}
